
Microsoft Visual Studio Solution File, Format Version 12.00
# Visual Studio Version 17
VisualStudioVersion = 17.11.35327.3
MinimumVisualStudioVersion = 10.0.40219.1
Project("{2150E333-8FDC-42A3-9474-1A3956D46DE8}") = "src", "src", "{02EA681E-C7D8-13C7-8484-4AC65E1B71E8}"
EndProject
Project("{F2A71F9B-5D33-465A-A702-920D77279786}") = "Parquet.FSharp", "src\Parquet.FSharp\Parquet.FSharp.fsproj", "{C8E2E7B7-971F-75C1-A603-6D41FD02B47E}"
EndProject
Project("{FAE04EC0-301F-11D3-BF4B-00C04F79EFBC}") = "Parquet.FSharp.Thrift", "src\Parquet.FSharp.Thrift\Parquet.FSharp.Thrift.csproj", "{76E53291-F7B7-B1C4-9C34-DFE6953333BF}"
EndProject
Project("{2150E333-8FDC-42A3-9474-1A3956D46DE8}") = "tools", "tools", "{4DA8050E-0810-4D9F-9B23-79497C037CC8}"
EndProject
Project("{F2A71F9B-5D33-465A-A702-920D77279786}") = "Parquet.FSharp.TestApp", "tools\Parquet.FSharp.TestApp\Parquet.FSharp.TestApp.fsproj", "{AA012501-B355-0042-8758-81067AD0DCFB}"
EndProject
Project("{2150E333-8FDC-42A3-9474-1A3956D46DE8}") = "tests", "tests", "{BFE57175-4080-4BD2-A3BF-B4D5521B054D}"
EndProject
Project("{F2A71F9B-5D33-465A-A702-920D77279786}") = "Parquet.FSharp.Tests", "tests\Parquet.FSharp.Tests\Parquet.FSharp.Tests.fsproj", "{3B125A36-906C-4470-A4B9-D61D99844739}"
EndProject
Project("{F2A71F9B-5D33-465A-A702-920D77279786}") = "Parquet.Net.FSharp", "src\Parquet.Net.FSharp\Parquet.Net.FSharp.fsproj", "{AE24EC74-91AA-4B4D-9069-CCD97D53E17D}"
EndProject
Project("{F2A71F9B-5D33-465A-A702-920D77279786}") = "Parquet.Net.FSharp.TestApp", "tools\Parquet.Net.FSharp.TestApp\Parquet.Net.FSharp.TestApp.fsproj", "{ECE4065C-6D82-4F67-BCEA-7DE4571BCE2B}"
EndProject
Project("{FAE04EC0-301F-11D3-BF4B-00C04F79EFBC}") = "Parquet", "..\parquet-dotnet\src\Parquet\Parquet.csproj", "{D0DF93F7-FEA7-B04F-E630-E24CBBF2B19B}"
EndProject
Global
	GlobalSection(SolutionConfigurationPlatforms) = preSolution
		Debug|Any CPU = Debug|Any CPU
		Release|Any CPU = Release|Any CPU
	EndGlobalSection
	GlobalSection(ProjectConfigurationPlatforms) = postSolution
		{C8E2E7B7-971F-75C1-A603-6D41FD02B47E}.Debug|Any CPU.ActiveCfg = Debug|Any CPU
		{C8E2E7B7-971F-75C1-A603-6D41FD02B47E}.Debug|Any CPU.Build.0 = Debug|Any CPU
		{C8E2E7B7-971F-75C1-A603-6D41FD02B47E}.Release|Any CPU.ActiveCfg = Release|Any CPU
		{C8E2E7B7-971F-75C1-A603-6D41FD02B47E}.Release|Any CPU.Build.0 = Release|Any CPU
		{76E53291-F7B7-B1C4-9C34-DFE6953333BF}.Debug|Any CPU.ActiveCfg = Debug|Any CPU
		{76E53291-F7B7-B1C4-9C34-DFE6953333BF}.Debug|Any CPU.Build.0 = Debug|Any CPU
		{76E53291-F7B7-B1C4-9C34-DFE6953333BF}.Release|Any CPU.ActiveCfg = Release|Any CPU
		{76E53291-F7B7-B1C4-9C34-DFE6953333BF}.Release|Any CPU.Build.0 = Release|Any CPU
		{AA012501-B355-0042-8758-81067AD0DCFB}.Debug|Any CPU.ActiveCfg = Debug|Any CPU
		{AA012501-B355-0042-8758-81067AD0DCFB}.Debug|Any CPU.Build.0 = Debug|Any CPU
		{AA012501-B355-0042-8758-81067AD0DCFB}.Release|Any CPU.ActiveCfg = Release|Any CPU
		{AA012501-B355-0042-8758-81067AD0DCFB}.Release|Any CPU.Build.0 = Release|Any CPU
		{3B125A36-906C-4470-A4B9-D61D99844739}.Debug|Any CPU.ActiveCfg = Debug|Any CPU
		{3B125A36-906C-4470-A4B9-D61D99844739}.Debug|Any CPU.Build.0 = Debug|Any CPU
		{3B125A36-906C-4470-A4B9-D61D99844739}.Release|Any CPU.ActiveCfg = Release|Any CPU
		{3B125A36-906C-4470-A4B9-D61D99844739}.Release|Any CPU.Build.0 = Release|Any CPU
		{AE24EC74-91AA-4B4D-9069-CCD97D53E17D}.Debug|Any CPU.ActiveCfg = Debug|Any CPU
		{AE24EC74-91AA-4B4D-9069-CCD97D53E17D}.Debug|Any CPU.Build.0 = Debug|Any CPU
		{AE24EC74-91AA-4B4D-9069-CCD97D53E17D}.Release|Any CPU.ActiveCfg = Release|Any CPU
		{AE24EC74-91AA-4B4D-9069-CCD97D53E17D}.Release|Any CPU.Build.0 = Release|Any CPU
		{ECE4065C-6D82-4F67-BCEA-7DE4571BCE2B}.Debug|Any CPU.ActiveCfg = Debug|Any CPU
		{ECE4065C-6D82-4F67-BCEA-7DE4571BCE2B}.Debug|Any CPU.Build.0 = Debug|Any CPU
		{ECE4065C-6D82-4F67-BCEA-7DE4571BCE2B}.Release|Any CPU.ActiveCfg = Release|Any CPU
		{ECE4065C-6D82-4F67-BCEA-7DE4571BCE2B}.Release|Any CPU.Build.0 = Release|Any CPU
		{D0DF93F7-FEA7-B04F-E630-E24CBBF2B19B}.Debug|Any CPU.ActiveCfg = Debug|Any CPU
		{D0DF93F7-FEA7-B04F-E630-E24CBBF2B19B}.Debug|Any CPU.Build.0 = Debug|Any CPU
		{D0DF93F7-FEA7-B04F-E630-E24CBBF2B19B}.Release|Any CPU.ActiveCfg = Release|Any CPU
		{D0DF93F7-FEA7-B04F-E630-E24CBBF2B19B}.Release|Any CPU.Build.0 = Release|Any CPU
	EndGlobalSection
	GlobalSection(SolutionProperties) = preSolution
		HideSolutionNode = FALSE
	EndGlobalSection
	GlobalSection(NestedProjects) = preSolution
		{C8E2E7B7-971F-75C1-A603-6D41FD02B47E} = {02EA681E-C7D8-13C7-8484-4AC65E1B71E8}
		{76E53291-F7B7-B1C4-9C34-DFE6953333BF} = {02EA681E-C7D8-13C7-8484-4AC65E1B71E8}
		{AA012501-B355-0042-8758-81067AD0DCFB} = {4DA8050E-0810-4D9F-9B23-79497C037CC8}
		{3B125A36-906C-4470-A4B9-D61D99844739} = {BFE57175-4080-4BD2-A3BF-B4D5521B054D}
		{AE24EC74-91AA-4B4D-9069-CCD97D53E17D} = {02EA681E-C7D8-13C7-8484-4AC65E1B71E8}
		{ECE4065C-6D82-4F67-BCEA-7DE4571BCE2B} = {4DA8050E-0810-4D9F-9B23-79497C037CC8}
		{D0DF93F7-FEA7-B04F-E630-E24CBBF2B19B} = {02EA681E-C7D8-13C7-8484-4AC65E1B71E8}
	EndGlobalSection
	GlobalSection(ExtensibilityGlobals) = postSolution
		SolutionGuid = {1D0B75CE-7DA0-462D-B6FE-F5A15BFF6803}
	EndGlobalSection
EndGlobal
